{
    "_meta": {
        "hash": {
            "sha256": "2bc3f9ed6bebea4d9f5b9b9b7f3e2a3e2a3e2a2a2a2a2a2"
        },
        "hosts": [
            "https://pypi.org/simple",
            "https://files.pythonhosted.org/packages/source/d/doit/"
        ],
        "src_uri": null,
        "path": [
            "your-project-path"
        ],
        "dirty": false
    },
    "default": {
        "version": {
            "python-dotenv": "0.20.0",
            "python": "3.10"
        },
        "source": {
            "python-dotenv": {
                "hashes": [
                    "sha256:9e4d9f9b4e1a42d1fa9b4d9f9e1a42d1fa9b4d9f9b4e1a42d"
                ],
                "version": "0.20.0"
            },
            "python": {
                "hashes": ["sha256:9e4d9f9b4e1a42d1fa9b4d9f9e1a42d1fa9b4d9f9b4e1a42d"],
                "version": "3.10"
            }
        },
        "python_version": "3.10"
    },
    "develop": {},
    "develop-default": {}
}